
Microsoft Visual Studio Solution File, Format Version 12.00
# Visual Studio 15
Project("{FAE04EC0-301F-11D3-BF4B-00C04F79EFBC}") = "ThemeSample.iOS", "ThemeSample.iOS\ThemeSample.iOS.csproj", "{24D2AF5D-AE4E-4BB5-AE2C-D9F416F18E0B}"
EndProject
Project("{FAE04EC0-301F-11D3-BF4B-00C04F79EFBC}") = "ThemeSample", "ThemeSample\ThemeSample.csproj", "{C1470340-AE03-4A2F-AE8E-1600047D0512}"
EndProject
Project("{FAE04EC0-301F-11D3-BF4B-00C04F79EFBC}") = "ThemeSample.Droid", "ThemeSample.Droid\ThemeSample.Droid.csproj", "{55368851-8C36-4EE9-A4DB-1B7259B664C9}"
EndProject
Global
	GlobalSection(SolutionConfigurationPlatforms) = preSolution
		Debug|Any CPU = Debug|Any CPU
		Release|Any CPU = Release|Any CPU
		Debug|iPhoneSimulator = Debug|iPhoneSimulator
		Release|iPhoneSimulator = Release|iPhoneSimulator
		Debug|iPhone = Debug|iPhone
		Release|iPhone = Release|iPhone
	EndGlobalSection
	GlobalSection(ProjectConfigurationPlatforms) = postSolution
		{24D2AF5D-AE4E-4BB5-AE2C-D9F416F18E0B}.Debug|Any CPU.ActiveCfg = Debug|iPhoneSimulator
		{24D2AF5D-AE4E-4BB5-AE2C-D9F416F18E0B}.Debug|Any CPU.Build.0 = Debug|iPhoneSimulator
		{24D2AF5D-AE4E-4BB5-AE2C-D9F416F18E0B}.Release|Any CPU.ActiveCfg = Release|iPhoneSimulator
		{24D2AF5D-AE4E-4BB5-AE2C-D9F416F18E0B}.Release|Any CPU.Build.0 = Release|iPhoneSimulator
		{24D2AF5D-AE4E-4BB5-AE2C-D9F416F18E0B}.Debug|iPhoneSimulator.ActiveCfg = Debug|iPhoneSimulator
		{24D2AF5D-AE4E-4BB5-AE2C-D9F416F18E0B}.Debug|iPhoneSimulator.Build.0 = Debug|iPhoneSimulator
		{24D2AF5D-AE4E-4BB5-AE2C-D9F416F18E0B}.Release|iPhoneSimulator.ActiveCfg = Release|iPhoneSimulator
		{24D2AF5D-AE4E-4BB5-AE2C-D9F416F18E0B}.Release|iPhoneSimulator.Build.0 = Release|iPhoneSimulator
		{24D2AF5D-AE4E-4BB5-AE2C-D9F416F18E0B}.Debug|iPhone.ActiveCfg = Debug|iPhone
		{24D2AF5D-AE4E-4BB5-AE2C-D9F416F18E0B}.Debug|iPhone.Build.0 = Debug|iPhone
		{24D2AF5D-AE4E-4BB5-AE2C-D9F416F18E0B}.Release|iPhone.ActiveCfg = Release|iPhone
		{24D2AF5D-AE4E-4BB5-AE2C-D9F416F18E0B}.Release|iPhone.Build.0 = Release|iPhone
		{C1470340-AE03-4A2F-AE8E-1600047D0512}.Debug|Any CPU.ActiveCfg = Debug|Any CPU
		{C1470340-AE03-4A2F-AE8E-1600047D0512}.Debug|Any CPU.Build.0 = Debug|Any CPU
		{C1470340-AE03-4A2F-AE8E-1600047D0512}.Release|Any CPU.ActiveCfg = Release|Any CPU
		{C1470340-AE03-4A2F-AE8E-1600047D0512}.Release|Any CPU.Build.0 = Release|Any CPU
		{C1470340-AE03-4A2F-AE8E-1600047D0512}.Debug|iPhoneSimulator.ActiveCfg = Debug|Any CPU
		{C1470340-AE03-4A2F-AE8E-1600047D0512}.Debug|iPhoneSimulator.Build.0 = Debug|Any CPU
		{C1470340-AE03-4A2F-AE8E-1600047D0512}.Release|iPhoneSimulator.ActiveCfg = Release|Any CPU
		{C1470340-AE03-4A2F-AE8E-1600047D0512}.Release|iPhoneSimulator.Build.0 = Release|Any CPU
		{C1470340-AE03-4A2F-AE8E-1600047D0512}.Debug|iPhone.ActiveCfg = Debug|Any CPU
		{C1470340-AE03-4A2F-AE8E-1600047D0512}.Debug|iPhone.Build.0 = Debug|Any CPU
		{C1470340-AE03-4A2F-AE8E-1600047D0512}.Release|iPhone.ActiveCfg = Release|Any CPU
		{C1470340-AE03-4A2F-AE8E-1600047D0512}.Release|iPhone.Build.0 = Release|Any CPU
		{55368851-8C36-4EE9-A4DB-1B7259B664C9}.Debug|Any CPU.ActiveCfg = Debug|Any CPU
		{55368851-8C36-4EE9-A4DB-1B7259B664C9}.Debug|Any CPU.Build.0 = Debug|Any CPU
		{55368851-8C36-4EE9-A4DB-1B7259B664C9}.Release|Any CPU.ActiveCfg = Release|Any CPU
		{55368851-8C36-4EE9-A4DB-1B7259B664C9}.Release|Any CPU.Build.0 = Release|Any CPU
		{55368851-8C36-4EE9-A4DB-1B7259B664C9}.Debug|iPhoneSimulator.ActiveCfg = Debug|Any CPU
		{55368851-8C36-4EE9-A4DB-1B7259B664C9}.Debug|iPhoneSimulator.Build.0 = Debug|Any CPU
		{55368851-8C36-4EE9-A4DB-1B7259B664C9}.Release|iPhoneSimulator.ActiveCfg = Release|Any CPU
		{55368851-8C36-4EE9-A4DB-1B7259B664C9}.Release|iPhoneSimulator.Build.0 = Release|Any CPU
		{55368851-8C36-4EE9-A4DB-1B7259B664C9}.Debug|iPhone.ActiveCfg = Debug|Any CPU
		{55368851-8C36-4EE9-A4DB-1B7259B664C9}.Debug|iPhone.Build.0 = Debug|Any CPU
		{55368851-8C36-4EE9-A4DB-1B7259B664C9}.Release|iPhone.ActiveCfg = Release|Any CPU
		{55368851-8C36-4EE9-A4DB-1B7259B664C9}.Release|iPhone.Build.0 = Release|Any CPU
	EndGlobalSection
EndGlobal
